{
  "projects": [
    {
      "projectId": "iaGC8N7icN64RQS5kdk5ev",
      "version": "latest",
      "dependencies": {},
      "lang": "ts",
      "fileLocks": [
        {
          "type": "globalVariant",
          "assetId": "2yibM42Mc6k8",
          "checksum": "71a42ef91c4504565a3c6e7603a0c687"
        },
        {
          "type": "renderModule",
          "assetId": "vrrXqYJS-O",
          "checksum": "b2bceb917811b992fdcaa153b724b430"
        },
        {
          "type": "cssRules",
          "assetId": "vrrXqYJS-O",
          "checksum": "b2bceb917811b992fdcaa153b724b430"
        },
        {
          "type": "renderModule",
          "assetId": "gdriquE7Kj",
          "checksum": "0398f6092dfa63fd2901025b5e776549"
        },
        {
          "type": "cssRules",
          "assetId": "gdriquE7Kj",
          "checksum": "0398f6092dfa63fd2901025b5e776549"
        },
        {
          "type": "renderModule",
          "assetId": "BhrVJdfdbx",
          "checksum": "af4f15f4d833fafaeed66b693154df4b"
        },
        {
          "type": "cssRules",
          "assetId": "BhrVJdfdbx",
          "checksum": "af4f15f4d833fafaeed66b693154df4b"
        },
        {
          "type": "renderModule",
          "assetId": "4xagdXrZML",
          "checksum": "2c0990d8155ea2da7f5e3f8797377cf0"
        },
        {
          "type": "cssRules",
          "assetId": "4xagdXrZML",
          "checksum": "2c0990d8155ea2da7f5e3f8797377cf0"
        },
        {
          "type": "renderModule",
          "assetId": "Eu77MqQRyn",
          "checksum": "f35b69aac6a6240c699dd3e315fe64ba"
        },
        {
          "type": "cssRules",
          "assetId": "Eu77MqQRyn",
          "checksum": "f35b69aac6a6240c699dd3e315fe64ba"
        },
        {
          "type": "renderModule",
          "assetId": "ejg9ScpLaN",
          "checksum": "fb67b44c46891da147d70037d4284244"
        },
        {
          "type": "cssRules",
          "assetId": "ejg9ScpLaN",
          "checksum": "fb67b44c46891da147d70037d4284244"
        },
        {
          "type": "renderModule",
          "assetId": "iSjyu56io1",
          "checksum": "c90798ea051909eb757b4206a0465617"
        },
        {
          "type": "cssRules",
          "assetId": "iSjyu56io1",
          "checksum": "c90798ea051909eb757b4206a0465617"
        },
        {
          "type": "renderModule",
          "assetId": "fRykAJCV3m",
          "checksum": "dccba18ff3c4eec15198a6dc7f2d5521"
        },
        {
          "type": "cssRules",
          "assetId": "fRykAJCV3m",
          "checksum": "dccba18ff3c4eec15198a6dc7f2d5521"
        },
        {
          "type": "renderModule",
          "assetId": "4dji5oGoR6",
          "checksum": "973f4f5202dc039a9c872ddeddd47ad1"
        },
        {
          "type": "cssRules",
          "assetId": "4dji5oGoR6",
          "checksum": "973f4f5202dc039a9c872ddeddd47ad1"
        },
        {
          "type": "renderModule",
          "assetId": "Lix0pM24ds",
          "checksum": "4f146907f18c3ee208050a68d5868a68"
        },
        {
          "type": "cssRules",
          "assetId": "Lix0pM24ds",
          "checksum": "4f146907f18c3ee208050a68d5868a68"
        },
        {
          "type": "renderModule",
          "assetId": "-nqoWOXgpB",
          "checksum": "cdb03f664a81f1b2d2b175aaf61515d6"
        },
        {
          "type": "cssRules",
          "assetId": "-nqoWOXgpB",
          "checksum": "cdb03f664a81f1b2d2b175aaf61515d6"
        },
        {
          "type": "image",
          "assetId": "FIW-ZuTEm",
          "checksum": "a1ce377fd731c7ddd7292926b9c6841d"
        },
        {
          "type": "image",
          "assetId": "H0kIk8E39",
          "checksum": "f5d5325393dee1b08c4c5bed3c84720a"
        },
        {
          "type": "image",
          "assetId": "9kWPWRxVE",
          "checksum": "ea4c61707c86f2b75632a3da97cc7bc5"
        },
        {
          "type": "image",
          "assetId": "0X6eAA-Bod",
          "checksum": "d06985588e3b79cbc03c8e5770917c92"
        },
        {
          "type": "image",
          "assetId": "vUUuC_aFzdV",
          "checksum": "88bec41f727bd59634e3ed9aa22509fa"
        },
        {
          "type": "image",
          "assetId": "hjnyW7Tbk",
          "checksum": "6e11a0c55e0badfc03ff0bcd1410a62d"
        },
        {
          "type": "image",
          "assetId": "xzgPRW_EC",
          "checksum": "a9f6a1c628647c605def9446270b233e"
        },
        {
          "type": "image",
          "assetId": "aQ4PC9yfmM",
          "checksum": "2cc30c972e020337a2edb108887672cf"
        },
        {
          "type": "image",
          "assetId": "YSH24kQ9zS",
          "checksum": "21c781636e78cb926fbef66d0e0e1635"
        },
        {
          "type": "image",
          "assetId": "VqBvOV75VP",
          "checksum": "c91e28044270406af5e31e855184df37"
        },
        {
          "type": "image",
          "assetId": "EKAxWZ8aOa",
          "checksum": "076c5a6e927ea80e1991bd364cd29c1b"
        },
        {
          "type": "image",
          "assetId": "C1IxVbvjpGl",
          "checksum": "5060f915049fc04bd5848cb0711afd9b"
        },
        {
          "type": "renderModule",
          "assetId": "VvQTp2Yg1t2o",
          "checksum": "2d07724fc09774514aa8c790f16bc423"
        },
        {
          "type": "cssRules",
          "assetId": "VvQTp2Yg1t2o",
          "checksum": "2d07724fc09774514aa8c790f16bc423"
        },
        {
          "type": "renderModule",
          "assetId": "-70jaFn1U1",
          "checksum": "4c86bf3732d3f3ef64f5f0b1a80d31be"
        },
        {
          "type": "cssRules",
          "assetId": "-70jaFn1U1",
          "checksum": "4c86bf3732d3f3ef64f5f0b1a80d31be"
        },
        {
          "type": "renderModule",
          "assetId": "8lZPU92Ytv",
          "checksum": "e164e31732add1b510b62cedb8f615b6"
        },
        {
          "type": "cssRules",
          "assetId": "8lZPU92Ytv",
          "checksum": "e164e31732add1b510b62cedb8f615b6"
        },
        {
          "type": "renderModule",
          "assetId": "9a0YfTNxDA",
          "checksum": "1abab23f3d1b603544ea6cb9037156ea"
        },
        {
          "type": "cssRules",
          "assetId": "9a0YfTNxDA",
          "checksum": "1abab23f3d1b603544ea6cb9037156ea"
        },
        {
          "type": "renderModule",
          "assetId": "yIW795alBg",
          "checksum": "30470b3b83e6f008d5ec408e66625196"
        },
        {
          "type": "cssRules",
          "assetId": "yIW795alBg",
          "checksum": "30470b3b83e6f008d5ec408e66625196"
        },
        {
          "assetId": "iaGC8N7icN64RQS5kdk5ev",
          "type": "projectCss",
          "checksum": "a1dd5213d888db9e3617c906c83ce912"
        },
        {
          "type": "icon",
          "assetId": "saqBp-KweY",
          "checksum": "bf241373b481ef43dff670a98faa2d0e"
        },
        {
          "type": "icon",
          "assetId": "_hIlKDMChB",
          "checksum": "51815a882c91b9ed421af6404458e6c8"
        },
        {
          "type": "icon",
          "assetId": "lIZFbyKS7s",
          "checksum": "83eae14892b448995fcbfad3fa44bb2f"
        },
        {
          "type": "icon",
          "assetId": "F1GpC1vB1p_",
          "checksum": "9e8131159f24ee21f0d9f2581b4520c3"
        },
        {
          "type": "icon",
          "assetId": "0k0WA1LIx4K",
          "checksum": "7c841ffcd10fb44902f86750396e2b69"
        },
        {
          "type": "icon",
          "assetId": "vAuCRuqwxP",
          "checksum": "cbb87da4591b50feee318a616b8c41c1"
        },
        {
          "type": "icon",
          "assetId": "qXJme5p6SBx",
          "checksum": "6ea4e1340f2b23215d558c903b5d9e82"
        },
        {
          "type": "icon",
          "assetId": "IBr-aXC3d5G",
          "checksum": "def8728482471a51a6685d3516d2da0b"
        }
      ]
    }
  ],
  "cliVersion": "0.1.157"
}
